
Microsoft Visual Studio Solution File, Format Version 12.00
# Visual Studio 15
VisualStudioVersion = 15.0.28307.489
MinimumVisualStudioVersion = 10.0.40219.1
Project("{FAE04EC0-301F-11D3-BF4B-00C04F79EFBC}") = "EloadasProject", "EloadasProject\EloadasProject.csproj", "{DEDE07DC-D438-46E8-8B2C-F6A4FEFDAE31}"
EndProject
Global
	GlobalSection(SolutionConfigurationPlatforms) = preSolution
		Debug|Any CPU = Debug|Any CPU
		Release|Any CPU = Release|Any CPU
	EndGlobalSection
	GlobalSection(ProjectConfigurationPlatforms) = postSolution
		{DEDE07DC-D438-46E8-8B2C-F6A4FEFDAE31}.Debug|Any CPU.ActiveCfg = Debug|Any CPU
		{DEDE07DC-D438-46E8-8B2C-F6A4FEFDAE31}.Debug|Any CPU.Build.0 = Debug|Any CPU
		{DEDE07DC-D438-46E8-8B2C-F6A4FEFDAE31}.Release|Any CPU.ActiveCfg = Release|Any CPU
		{DEDE07DC-D438-46E8-8B2C-F6A4FEFDAE31}.Release|Any CPU.Build.0 = Release|Any CPU
	EndGlobalSection
	GlobalSection(SolutionProperties) = preSolution
		HideSolutionNode = FALSE
	EndGlobalSection
	GlobalSection(ExtensibilityGlobals) = postSolution
		SolutionGuid = {C436BFCF-97D8-4A0F-9E3C-76BCC495A11C}
	EndGlobalSection
EndGlobal
